// !$*UTF8*$!
{
	archiveVersion = 1;
	classes = {
	};
	objectVersion = 46;
	objects = {

/* Begin PBXBuildFile section */
		D9CEC9101800CA1000510512 /* Foundation.framework in Frameworks */ = {isa = PBXBuildFile; fileRef = D9CEC90F1800CA1000510512 /* Foundation.framework */; };
		D9CEC9121800CA1000510512 /* CoreGraphics.framework in Frameworks */ = {isa = PBXBuildFile; fileRef = D9CEC9111800CA1000510512 /* CoreGraphics.framework */; };
		D9CEC9141800CA1000510512 /* UIKit.framework in Frameworks */ = {isa = PBXBuildFile; fileRef = D9CEC9131800CA1000510512 /* UIKit.framework */; };
		D9CEC91A1800CA1000510512 /* InfoPlist.strings in Resources */ = {isa = PBXBuildFile; fileRef = D9CEC9181800CA1000510512 /* InfoPlist.strings */; };
		D9CEC91C1800CA1000510512 /* main.m in Sources */ = {isa = PBXBuildFile; fileRef = D9CEC91B1800CA1000510512 /* main.m */; };
		D9CEC9201800CA1000510512 /* AppDelegate.m in Sources */ = {isa = PBXBuildFile; fileRef = D9CEC91F1800CA1000510512 /* AppDelegate.m */; };
		D9CEC9231800CA1000510512 /* Main.storyboard in Resources */ = {isa = PBXBuildFile; fileRef = D9CEC9211800CA1000510512 /* Main.storyboard */; };
		D9CEC9261800CA1000510512 /* ExampleViewController.m in Sources */ = {isa = PBXBuildFile; fileRef = D9CEC9251800CA1000510512 /* ExampleViewController.m */; };
		D9CEC9281800CA1000510512 /* Images.xcassets in Resources */ = {isa = PBXBuildFile; fileRef = D9CEC9271800CA1000510512 /* Images.xcassets */; };
		D9CEC92F1800CA1000510512 /* XCTest.framework in Frameworks */ = {isa = PBXBuildFile; fileRef = D9CEC92E1800CA1000510512 /* XCTest.framework */; };
		D9CEC9301800CA1000510512 /* Foundation.framework in Frameworks */ = {isa = PBXBuildFile; fileRef = D9CEC90F1800CA1000510512 /* Foundation.framework */; };
		D9CEC9311800CA1000510512 /* UIKit.framework in Frameworks */ = {isa = PBXBuildFile; fileRef = D9CEC9131800CA1000510512 /* UIKit.framework */; };
		D9CEC9391800CA1000510512 /* InfoPlist.strings in Resources */ = {isa = PBXBuildFile; fileRef = D9CEC9371800CA1000510512 /* InfoPlist.strings */; };
		D9CEC9481800CAFB00510512 /* ROArrayDataSource.m in Sources */ = {isa = PBXBuildFile; fileRef = D9CEC9461800CAFB00510512 /* ROArrayDataSource.m */; };
		D9CEC94E1800DEBB00510512 /* ExampleCell.m in Sources */ = {isa = PBXBuildFile; fileRef = D9CEC94D1800DEBB00510512 /* ExampleCell.m */; };
		D9CEC95118012DEF00510512 /* ROArrayDataSourceTests.m in Sources */ = {isa = PBXBuildFile; fileRef = D9CEC95018012DEF00510512 /* ROArrayDataSourceTests.m */; };
		EE21EFDE7062499987B95FCE /* libPods-ArrayDataSourceExampleTests.a in Frameworks */ = {isa = PBXBuildFile; fileRef = 84B32EE746214D2DAF5704DC /* libPods-ArrayDataSourceExampleTests.a */; };
/* End PBXBuildFile section */

/* Begin PBXContainerItemProxy section */
		D9CEC9321800CA1000510512 /* PBXContainerItemProxy */ = {
			isa = PBXContainerItemProxy;
			containerPortal = D9CEC9041800CA1000510512 /* Project object */;
			proxyType = 1;
			remoteGlobalIDString = D9CEC90B1800CA1000510512;
			remoteInfo = ArrayDataSourceExample;
		};
/* End PBXContainerItemProxy section */

/* Begin PBXFileReference section */
		33DAF9A0A6AE4C3983C0EB4F /* Pods-ArrayDataSourceExampleTests.xcconfig */ = {isa = PBXFileReference; includeInIndex = 1; lastKnownFileType = text.xcconfig; name = "Pods-ArrayDataSourceExampleTests.xcconfig"; path = "Pods/Pods-ArrayDataSourceExampleTests.xcconfig"; sourceTree = "<group>"; };
		84B32EE746214D2DAF5704DC /* libPods-ArrayDataSourceExampleTests.a */ = {isa = PBXFileReference; explicitFileType = archive.ar; includeInIndex = 0; path = "libPods-ArrayDataSourceExampleTests.a"; sourceTree = BUILT_PRODUCTS_DIR; };
		D9CEC90C1800CA1000510512 /* ArrayDataSourceExample.app */ = {isa = PBXFileReference; explicitFileType = wrapper.application; includeInIndex = 0; path = ArrayDataSourceExample.app; sourceTree = BUILT_PRODUCTS_DIR; };
		D9CEC90F1800CA1000510512 /* Foundation.framework */ = {isa = PBXFileReference; lastKnownFileType = wrapper.framework; name = Foundation.framework; path = System/Library/Frameworks/Foundation.framework; sourceTree = SDKROOT; };
		D9CEC9111800CA1000510512 /* CoreGraphics.framework */ = {isa = PBXFileReference; lastKnownFileType = wrapper.framework; name = CoreGraphics.framework; path = System/Library/Frameworks/CoreGraphics.framework; sourceTree = SDKROOT; };
		D9CEC9131800CA1000510512 /* UIKit.framework */ = {isa = PBXFileReference; lastKnownFileType = wrapper.framework; name = UIKit.framework; path = System/Library/Frameworks/UIKit.framework; sourceTree = SDKROOT; };
		D9CEC9171800CA1000510512 /* ArrayDataSourceExample-Info.plist */ = {isa = PBXFileReference; lastKnownFileType = text.plist.xml; path = "ArrayDataSourceExample-Info.plist"; sourceTree = "<group>"; };
		D9CEC9191800CA1000510512 /* en */ = {isa = PBXFileReference; lastKnownFileType = text.plist.strings; name = en; path = en.lproj/InfoPlist.strings; sourceTree = "<group>"; };
		D9CEC91B1800CA1000510512 /* main.m */ = {isa = PBXFileReference; lastKnownFileType = sourcecode.c.objc; path = main.m; sourceTree = "<group>"; };
		D9CEC91D1800CA1000510512 /* ArrayDataSourceExample-Prefix.pch */ = {isa = PBXFileReference; lastKnownFileType = sourcecode.c.h; path = "ArrayDataSourceExample-Prefix.pch"; sourceTree = "<group>"; };
		D9CEC91E1800CA1000510512 /* AppDelegate.h */ = {isa = PBXFileReference; lastKnownFileType = sourcecode.c.h; path = AppDelegate.h; sourceTree = "<group>"; };
		D9CEC91F1800CA1000510512 /* AppDelegate.m */ = {isa = PBXFileReference; lastKnownFileType = sourcecode.c.objc; path = AppDelegate.m; sourceTree = "<group>"; };
		D9CEC9221800CA1000510512 /* Base */ = {isa = PBXFileReference; lastKnownFileType = file.storyboard; name = Base; path = Base.lproj/Main.storyboard; sourceTree = "<group>"; };
		D9CEC9241800CA1000510512 /* ExampleViewController.h */ = {isa = PBXFileReference; lastKnownFileType = sourcecode.c.h; path = ExampleViewController.h; sourceTree = "<group>"; };
		D9CEC9251800CA1000510512 /* ExampleViewController.m */ = {isa = PBXFileReference; lastKnownFileType = sourcecode.c.objc; path = ExampleViewController.m; sourceTree = "<group>"; };
		D9CEC9271800CA1000510512 /* Images.xcassets */ = {isa = PBXFileReference; lastKnownFileType = folder.assetcatalog; path = Images.xcassets; sourceTree = "<group>"; };
		D9CEC92D1800CA1000510512 /* ArrayDataSourceExampleTests.xctest */ = {isa = PBXFileReference; explicitFileType = wrapper.cfbundle; includeInIndex = 0; path = ArrayDataSourceExampleTests.xctest; sourceTree = BUILT_PRODUCTS_DIR; };
		D9CEC92E1800CA1000510512 /* XCTest.framework */ = {isa = PBXFileReference; lastKnownFileType = wrapper.framework; name = XCTest.framework; path = Library/Frameworks/XCTest.framework; sourceTree = DEVELOPER_DIR; };
		D9CEC9361800CA1000510512 /* ArrayDataSourceExampleTests-Info.plist */ = {isa = PBXFileReference; lastKnownFileType = text.plist.xml; path = "ArrayDataSourceExampleTests-Info.plist"; sourceTree = "<group>"; };
		D9CEC9381800CA1000510512 /* en */ = {isa = PBXFileReference; lastKnownFileType = text.plist.strings; name = en; path = en.lproj/InfoPlist.strings; sourceTree = "<group>"; };
		D9CEC9451800CAFB00510512 /* ROArrayDataSource.h */ = {isa = PBXFileReference; fileEncoding = 4; lastKnownFileType = sourcecode.c.h; path = ROArrayDataSource.h; sourceTree = "<group>"; };
		D9CEC9461800CAFB00510512 /* ROArrayDataSource.m */ = {isa = PBXFileReference; fileEncoding = 4; lastKnownFileType = sourcecode.c.objc; path = ROArrayDataSource.m; sourceTree = "<group>"; };
		D9CEC94C1800DEBB00510512 /* ExampleCell.h */ = {isa = PBXFileReference; fileEncoding = 4; lastKnownFileType = sourcecode.c.h; path = ExampleCell.h; sourceTree = "<group>"; };
		D9CEC94D1800DEBB00510512 /* ExampleCell.m */ = {isa = PBXFileReference; fileEncoding = 4; lastKnownFileType = sourcecode.c.objc; path = ExampleCell.m; sourceTree = "<group>"; };
		D9CEC95018012DEF00510512 /* ROArrayDataSourceTests.m */ = {isa = PBXFileReference; fileEncoding = 4; lastKnownFileType = sourcecode.c.objc; path = ROArrayDataSourceTests.m; sourceTree = "<group>"; };
/* End PBXFileReference section */

/* Begin PBXFrameworksBuildPhase section */
		D9CEC9091800CA1000510512 /* Frameworks */ = {
			isa = PBXFrameworksBuildPhase;
			buildActionMask = 2147483647;
			files = (
				D9CEC9121800CA1000510512 /* CoreGraphics.framework in Frameworks */,
				D9CEC9141800CA1000510512 /* UIKit.framework in Frameworks */,
				D9CEC9101800CA1000510512 /* Foundation.framework in Frameworks */,
			);
			runOnlyForDeploymentPostprocessing = 0;
		};
		D9CEC92A1800CA1000510512 /* Frameworks */ = {
			isa = PBXFrameworksBuildPhase;
			buildActionMask = 2147483647;
			files = (
				D9CEC92F1800CA1000510512 /* XCTest.framework in Frameworks */,
				D9CEC9311800CA1000510512 /* UIKit.framework in Frameworks */,
				D9CEC9301800CA1000510512 /* Foundation.framework in Frameworks */,
				EE21EFDE7062499987B95FCE /* libPods-ArrayDataSourceExampleTests.a in Frameworks */,
			);
			runOnlyForDeploymentPostprocessing = 0;
		};
/* End PBXFrameworksBuildPhase section */

/* Begin PBXGroup section */
		D9CEC9031800CA1000510512 = {
			isa = PBXGroup;
			children = (
				D9CEC9151800CA1000510512 /* ArrayDataSourceExample */,
				D9CEC9441800CAFB00510512 /* ROArrayDataSource */,
				D9CEC9341800CA1000510512 /* ArrayDataSourceExampleTests */,
				D9CEC90E1800CA1000510512 /* Frameworks */,
				D9CEC90D1800CA1000510512 /* Products */,
				33DAF9A0A6AE4C3983C0EB4F /* Pods-ArrayDataSourceExampleTests.xcconfig */,
			);
			sourceTree = "<group>";
		};
		D9CEC90D1800CA1000510512 /* Products */ = {
			isa = PBXGroup;
			children = (
				D9CEC90C1800CA1000510512 /* ArrayDataSourceExample.app */,
				D9CEC92D1800CA1000510512 /* ArrayDataSourceExampleTests.xctest */,
			);
			name = Products;
			sourceTree = "<group>";
		};
		D9CEC90E1800CA1000510512 /* Frameworks */ = {
			isa = PBXGroup;
			children = (
				D9CEC90F1800CA1000510512 /* Foundation.framework */,
				D9CEC9111800CA1000510512 /* CoreGraphics.framework */,
				D9CEC9131800CA1000510512 /* UIKit.framework */,
				D9CEC92E1800CA1000510512 /* XCTest.framework */,
				84B32EE746214D2DAF5704DC /* libPods-ArrayDataSourceExampleTests.a */,
			);
			name = Frameworks;
			sourceTree = "<group>";
		};
		D9CEC9151800CA1000510512 /* ArrayDataSourceExample */ = {
			isa = PBXGroup;
			children = (
				D9CEC91E1800CA1000510512 /* AppDelegate.h */,
				D9CEC91F1800CA1000510512 /* AppDelegate.m */,
				D9CEC9211800CA1000510512 /* Main.storyboard */,
				D9CEC94B1800DD4700510512 /* UIViewControllers */,
				D9CEC94F1800DECE00510512 /* UIViews */,
				D9CEC9271800CA1000510512 /* Images.xcassets */,
				D9CEC9161800CA1000510512 /* Supporting Files */,
			);
			path = ArrayDataSourceExample;
			sourceTree = "<group>";
		};
		D9CEC9161800CA1000510512 /* Supporting Files */ = {
			isa = PBXGroup;
			children = (
				D9CEC9171800CA1000510512 /* ArrayDataSourceExample-Info.plist */,
				D9CEC9181800CA1000510512 /* InfoPlist.strings */,
				D9CEC91B1800CA1000510512 /* main.m */,
				D9CEC91D1800CA1000510512 /* ArrayDataSourceExample-Prefix.pch */,
			);
			name = "Supporting Files";
			sourceTree = "<group>";
		};
		D9CEC9341800CA1000510512 /* ArrayDataSourceExampleTests */ = {
			isa = PBXGroup;
			children = (
				D9CEC95018012DEF00510512 /* ROArrayDataSourceTests.m */,
				D9CEC9351800CA1000510512 /* Supporting Files */,
			);
			path = ArrayDataSourceExampleTests;
			sourceTree = "<group>";
		};
		D9CEC9351800CA1000510512 /* Supporting Files */ = {
			isa = PBXGroup;
			children = (
				D9CEC9361800CA1000510512 /* ArrayDataSourceExampleTests-Info.plist */,
				D9CEC9371800CA1000510512 /* InfoPlist.strings */,
			);
			name = "Supporting Files";
			sourceTree = "<group>";
		};
		D9CEC9441800CAFB00510512 /* ROArrayDataSource */ = {
			isa = PBXGroup;
			children = (
				D9CEC9451800CAFB00510512 /* ROArrayDataSource.h */,
				D9CEC9461800CAFB00510512 /* ROArrayDataSource.m */,
			);
			name = ROArrayDataSource;
			path = ../ROArrayDataSource;
			sourceTree = "<group>";
		};
		D9CEC94B1800DD4700510512 /* UIViewControllers */ = {
			isa = PBXGroup;
			children = (
				D9CEC9241800CA1000510512 /* ExampleViewController.h */,
				D9CEC9251800CA1000510512 /* ExampleViewController.m */,
			);
			name = UIViewControllers;
			sourceTree = "<group>";
		};
		D9CEC94F1800DECE00510512 /* UIViews */ = {
			isa = PBXGroup;
			children = (
				D9CEC94C1800DEBB00510512 /* ExampleCell.h */,
				D9CEC94D1800DEBB00510512 /* ExampleCell.m */,
			);
			name = UIViews;
			sourceTree = "<group>";
		};
/* End PBXGroup section */

/* Begin PBXNativeTarget section */
		D9CEC90B1800CA1000510512 /* ArrayDataSourceExample */ = {
			isa = PBXNativeTarget;
			buildConfigurationList = D9CEC93E1800CA1000510512 /* Build configuration list for PBXNativeTarget "ArrayDataSourceExample" */;
			buildPhases = (
				D9CEC9081800CA1000510512 /* Sources */,
				D9CEC9091800CA1000510512 /* Frameworks */,
				D9CEC90A1800CA1000510512 /* Resources */,
			);
			buildRules = (
			);
			dependencies = (
			);
			name = ArrayDataSourceExample;
			productName = ArrayDataSourceExample;
			productReference = D9CEC90C1800CA1000510512 /* ArrayDataSourceExample.app */;
			productType = "com.apple.product-type.application";
		};
		D9CEC92C1800CA1000510512 /* ArrayDataSourceExampleTests */ = {
			isa = PBXNativeTarget;
			buildConfigurationList = D9CEC9411800CA1000510512 /* Build configuration list for PBXNativeTarget "ArrayDataSourceExampleTests" */;
			buildPhases = (
				5ABD0EC0084745A983FD5DEF /* Check Pods Manifest.lock */,
				D9CEC9291800CA1000510512 /* Sources */,
				D9CEC92A1800CA1000510512 /* Frameworks */,
				D9CEC92B1800CA1000510512 /* Resources */,
				F87DE820BDC646F3BBD0150C /* Copy Pods Resources */,
			);
			buildRules = (
			);
			dependencies = (
				D9CEC9331800CA1000510512 /* PBXTargetDependency */,
			);
			name = ArrayDataSourceExampleTests;
			productName = ArrayDataSourceExampleTests;
			productReference = D9CEC92D1800CA1000510512 /* ArrayDataSourceExampleTests.xctest */;
			productType = "com.apple.product-type.bundle.unit-test";
		};
/* End PBXNativeTarget section */

/* Begin PBXProject section */
		D9CEC9041800CA1000510512 /* Project object */ = {
			isa = PBXProject;
			attributes = {
				LastUpgradeCheck = 0720;
				ORGANIZATIONNAME = Raphael;
				TargetAttributes = {
					D9CEC92C1800CA1000510512 = {
						TestTargetID = D9CEC90B1800CA1000510512;
					};
				};
			};
			buildConfigurationList = D9CEC9071800CA1000510512 /* Build configuration list for PBXProject "ArrayDataSourceExample" */;
			compatibilityVersion = "Xcode 3.2";
			developmentRegion = English;
			hasScannedForEncodings = 0;
			knownRegions = (
				en,
				Base,
			);
			mainGroup = D9CEC9031800CA1000510512;
			productRefGroup = D9CEC90D1800CA1000510512 /* Products */;
			projectDirPath = "";
			projectRoot = "";
			targets = (
				D9CEC90B1800CA1000510512 /* ArrayDataSourceExample */,
				D9CEC92C1800CA1000510512 /* ArrayDataSourceExampleTests */,
			);
		};
/* End PBXProject section */

/* Begin PBXResourcesBuildPhase section */
		D9CEC90A1800CA1000510512 /* Resources */ = {
			isa = PBXResourcesBuildPhase;
			buildActionMask = 2147483647;
			files = (
				D9CEC9281800CA1000510512 /* Images.xcassets in Resources */,
				D9CEC91A1800CA1000510512 /* InfoPlist.strings in Resources */,
				D9CEC9231800CA1000510512 /* Main.storyboard in Resources */,
			);
			runOnlyForDeploymentPostprocessing = 0;
		};
		D9CEC92B1800CA1000510512 /* Resources */ = {
			isa = PBXResourcesBuildPhase;
			buildActionMask = 2147483647;
			files = (
				D9CEC9391800CA1000510512 /* InfoPlist.strings in Resources */,
			);
			runOnlyForDeploymentPostprocessing = 0;
		};
/* End PBXResourcesBuildPhase section */

/* Begin PBXShellScriptBuildPhase section */
		5ABD0EC0084745A983FD5DEF /* Check Pods Manifest.lock */ = {
			isa = PBXShellScriptBuildPhase;
			buildActionMask = 2147483647;
			files = (
			);
			inputPaths = (
			);
			name = "Check Pods Manifest.lock";
			outputPaths = (
			);
			runOnlyForDeploymentPostprocessing = 0;
			shellPath = /bin/sh;
			shellScript = "diff \"${PODS_ROOT}/../Podfile.lock\" \"${PODS_ROOT}/Manifest.lock\" > /dev/null\nif [[ $? != 0 ]] ; then\n    cat << EOM\nerror: The sandbox is not in sync with the Podfile.lock. Run 'pod install' or update your CocoaPods installation.\nEOM\n    exit 1\nfi\n";
			showEnvVarsInLog = 0;
		};
		F87DE820BDC646F3BBD0150C /* Copy Pods Resources */ = {
			isa = PBXShellScriptBuildPhase;
			buildActionMask = 2147483647;
			files = (
			);
			inputPaths = (
			);
			name = "Copy Pods Resources";
			outputPaths = (
			);
			runOnlyForDeploymentPostprocessing = 0;
			shellPath = /bin/sh;
			shellScript = "\"${SRCROOT}/Pods/Pods-ArrayDataSourceExampleTests-resources.sh\"\n";
			showEnvVarsInLog = 0;
		};
/* End PBXShellScriptBuildPhase section */

/* Begin PBXSourcesBuildPhase section */
		D9CEC9081800CA1000510512 /* Sources */ = {
			isa = PBXSourcesBuildPhase;
			buildActionMask = 2147483647;
			files = (
				D9CEC9261800CA1000510512 /* ExampleViewController.m in Sources */,
				D9CEC9201800CA1000510512 /* AppDelegate.m in Sources */,
				D9CEC94E1800DEBB00510512 /* ExampleCell.m in Sources */,
				D9CEC9481800CAFB00510512 /* ROArrayDataSource.m in Sources */,
				D9CEC91C1800CA1000510512 /* main.m in Sources */,
			);
			runOnlyForDeploymentPostprocessing = 0;
		};
		D9CEC9291800CA1000510512 /* Sources */ = {
			isa = PBXSourcesBuildPhase;
			buildActionMask = 2147483647;
			files = (
				D9CEC95118012DEF00510512 /* ROArrayDataSourceTests.m in Sources */,
			);
			runOnlyForDeploymentPostprocessing = 0;
		};
/* End PBXSourcesBuildPhase section */

/* Begin PBXTargetDependency section */
		D9CEC9331800CA1000510512 /* PBXTargetDependency */ = {
			isa = PBXTargetDependency;
			target = D9CEC90B1800CA1000510512 /* ArrayDataSourceExample */;
			targetProxy = D9CEC9321800CA1000510512 /* PBXContainerItemProxy */;
		};
/* End PBXTargetDependency section */

/* Begin PBXVariantGroup section */
		D9CEC9181800CA1000510512 /* InfoPlist.strings */ = {
			isa = PBXVariantGroup;
			children = (
				D9CEC9191800CA1000510512 /* en */,
			);
			name = InfoPlist.strings;
			sourceTree = "<group>";
		};
		D9CEC9211800CA1000510512 /* Main.storyboard */ = {
			isa = PBXVariantGroup;
			children = (
				D9CEC9221800CA1000510512 /* Base */,
			);
			name = Main.storyboard;
			sourceTree = "<group>";
		};
		D9CEC9371800CA1000510512 /* InfoPlist.strings */ = {
			isa = PBXVariantGroup;
			children = (
				D9CEC9381800CA1000510512 /* en */,
			);
			name = InfoPlist.strings;
			sourceTree = "<group>";
		};
/* End PBXVariantGroup section */

/* Begin XCBuildConfiguration section */
		D9CEC93C1800CA1000510512 /* Debug */ = {
			isa = XCBuildConfiguration;
			buildSettings = {
				ALWAYS_SEARCH_USER_PATHS = NO;
				CLANG_CXX_LANGUAGE_STANDARD = "gnu++0x";
				CLANG_CXX_LIBRARY = "libc++";
				CLANG_ENABLE_MODULES = YES;
				CLANG_ENABLE_OBJC_ARC = YES;
				CLANG_WARN_BOOL_CONVERSION = YES;
				CLANG_WARN_CONSTANT_CONVERSION = YES;
				CLANG_WARN_DIRECT_OBJC_ISA_USAGE = YES_ERROR;
				CLANG_WARN_EMPTY_BODY = YES;
				CLANG_WARN_ENUM_CONVERSION = YES;
				CLANG_WARN_INT_CONVERSION = YES;
				CLANG_WARN_OBJC_ROOT_CLASS = YES_ERROR;
				CLANG_WARN__DUPLICATE_METHOD_MATCH = YES;
				"CODE_SIGN_IDENTITY[sdk=iphoneos*]" = "iPhone Developer";
				COPY_PHASE_STRIP = NO;
				ENABLE_TESTABILITY = YES;
				GCC_C_LANGUAGE_STANDARD = gnu99;
				GCC_DYNAMIC_NO_PIC = NO;
				GCC_OPTIMIZATION_LEVEL = 0;
				GCC_PREPROCESSOR_DEFINITIONS = (
					"DEBUG=1",
					"$(inherited)",
				);
				GCC_SYMBOLS_PRIVATE_EXTERN = NO;
				GCC_WARN_64_TO_32_BIT_CONVERSION = YES;
				GCC_WARN_ABOUT_RETURN_TYPE = YES_ERROR;
				GCC_WARN_UNDECLARED_SELECTOR = YES;
				GCC_WARN_UNINITIALIZED_AUTOS = YES;
				GCC_WARN_UNUSED_FUNCTION = YES;
				GCC_WARN_UNUSED_VARIABLE = YES;
				IPHONEOS_DEPLOYMENT_TARGET = 7.0;
				ONLY_ACTIVE_ARCH = YES;
				SDKROOT = iphoneos;
			};
			name = Debug;
		};
		D9CEC93D1800CA1000510512 /* Release */ = {
			isa = XCBuildConfiguration;
			buildSettings = {
				ALWAYS_SEARCH_USER_PATHS = NO;
				CLANG_CXX_LANGUAGE_STANDARD = "gnu++0x";
				CLANG_CXX_LIBRARY = "libc++";
				CLANG_ENABLE_MODULES = YES;
				CLANG_ENABLE_OBJC_ARC = YES;
				CLANG_WARN_BOOL_CONVERSION = YES;
				CLANG_WARN_CONSTANT_CONVERSION = YES;
				CLANG_WARN_DIRECT_OBJC_ISA_USAGE = YES_ERROR;
				CLANG_WARN_EMPTY_BODY = YES;
				CLANG_WARN_ENUM_CONVERSION = YES;
				CLANG_WARN_INT_CONVERSION = YES;
				CLANG_WARN_OBJC_ROOT_CLASS = YES_ERROR;
				CLANG_WARN__DUPLICATE_METHOD_MATCH = YES;
				"CODE_SIGN_IDENTITY[sdk=iphoneos*]" = "iPhone Developer";
				COPY_PHASE_STRIP = YES;
				ENABLE_NS_ASSERTIONS = NO;
				GCC_C_LANGUAGE_STANDARD = gnu99;
				GCC_WARN_64_TO_32_BIT_CONVERSION = YES;
				GCC_WARN_ABOUT_RETURN_TYPE = YES_ERROR;
				GCC_WARN_UNDECLARED_SELECTOR = YES;
				GCC_WARN_UNINITIALIZED_AUTOS = YES;
				GCC_WARN_UNUSED_FUNCTION = YES;
				GCC_WARN_UNUSED_VARIABLE = YES;
				IPHONEOS_DEPLOYMENT_TARGET = 7.0;
				SDKROOT = iphoneos;
				VALIDATE_PRODUCT = YES;
			};
			name = Release;
		};
		D9CEC93F1800CA1000510512 /* Debug */ = {
			isa = XCBuildConfiguration;
			buildSettings = {
				ASSETCATALOG_COMPILER_APPICON_NAME = AppIcon;
				ASSETCATALOG_COMPILER_LAUNCHIMAGE_NAME = LaunchImage;
				GCC_PRECOMPILE_PREFIX_HEADER = YES;
				GCC_PREFIX_HEADER = "ArrayDataSourceExample/ArrayDataSourceExample-Prefix.pch";
				INFOPLIST_FILE = "ArrayDataSourceExample/ArrayDataSourceExample-Info.plist";
				PRODUCT_BUNDLE_IDENTIFIER = "br.raphael.${PRODUCT_NAME:rfc1034identifier}";
				PRODUCT_NAME = "$(TARGET_NAME)";
				WRAPPER_EXTENSION = app;
			};
			name = Debug;
		};
		D9CEC9401800CA1000510512 /* Release */ = {
			isa = XCBuildConfiguration;
			buildSettings = {
				ASSETCATALOG_COMPILER_APPICON_NAME = AppIcon;
				ASSETCATALOG_COMPILER_LAUNCHIMAGE_NAME = LaunchImage;
				GCC_PRECOMPILE_PREFIX_HEADER = YES;
				GCC_PREFIX_HEADER = "ArrayDataSourceExample/ArrayDataSourceExample-Prefix.pch";
				INFOPLIST_FILE = "ArrayDataSourceExample/ArrayDataSourceExample-Info.plist";
				PRODUCT_BUNDLE_IDENTIFIER = "br.raphael.${PRODUCT_NAME:rfc1034identifier}";
				PRODUCT_NAME = "$(TARGET_NAME)";
				WRAPPER_EXTENSION = app;
			};
			name = Release;
		};
		D9CEC9421800CA1000510512 /* Debug */ = {
			isa = XCBuildConfiguration;
			baseConfigurationReference = 33DAF9A0A6AE4C3983C0EB4F /* Pods-ArrayDataSourceExampleTests.xcconfig */;
			buildSettings = {
				BUNDLE_LOADER = "$(BUILT_PRODUCTS_DIR)/ArrayDataSourceExample.app/ArrayDataSourceExample";
				FRAMEWORK_SEARCH_PATHS = (
					"$(SDKROOT)/Developer/Library/Frameworks",
					"$(inherited)",
					"$(DEVELOPER_FRAMEWORKS_DIR)",
				);
				GCC_PRECOMPILE_PREFIX_HEADER = YES;
				GCC_PREFIX_HEADER = "ArrayDataSourceExample/ArrayDataSourceExample-Prefix.pch";
				GCC_PREPROCESSOR_DEFINITIONS = (
					"DEBUG=1",
					"$(inherited)",
				);
				INFOPLIST_FILE = "ArrayDataSourceExampleTests/ArrayDataSourceExampleTests-Info.plist";
				PRODUCT_BUNDLE_IDENTIFIER = "br.raphael.${PRODUCT_NAME:rfc1034identifier}";
				PRODUCT_NAME = "$(TARGET_NAME)";
				TEST_HOST = "$(BUNDLE_LOADER)";
				WRAPPER_EXTENSION = xctest;
			};
			name = Debug;
		};
		D9CEC9431800CA1000510512 /* Release */ = {
			isa = XCBuildConfiguration;
			baseConfigurationReference = 33DAF9A0A6AE4C3983C0EB4F /* Pods-ArrayDataSourceExampleTests.xcconfig */;
			buildSettings = {
				BUNDLE_LOADER = "$(BUILT_PRODUCTS_DIR)/ArrayDataSourceExample.app/ArrayDataSourceExample";
				FRAMEWORK_SEARCH_PATHS = (
					"$(SDKROOT)/Developer/Library/Frameworks",
					"$(inherited)",
					"$(DEVELOPER_FRAMEWORKS_DIR)",
				);
				GCC_PRECOMPILE_PREFIX_HEADER = YES;
				GCC_PREFIX_HEADER = "ArrayDataSourceExample/ArrayDataSourceExample-Prefix.pch";
				INFOPLIST_FILE = "ArrayDataSourceExampleTests/ArrayDataSourceExampleTests-Info.plist";
				PRODUCT_BUNDLE_IDENTIFIER = "br.raphael.${PRODUCT_NAME:rfc1034identifier}";
				PRODUCT_NAME = "$(TARGET_NAME)";
				TEST_HOST = "$(BUNDLE_LOADER)";
				WRAPPER_EXTENSION = xctest;
			};
			name = Release;
		};
/* End XCBuildConfiguration section */

/* Begin XCConfigurationList section */
		D9CEC9071800CA1000510512 /* Build configuration list for PBXProject "ArrayDataSourceExample" */ = {
			isa = XCConfigurationList;
			buildConfigurations = (
				D9CEC93C1800CA1000510512 /* Debug */,
				D9CEC93D1800CA1000510512 /* Release */,
			);
			defaultConfigurationIsVisible = 0;
			defaultConfigurationName = Release;
		};
		D9CEC93E1800CA1000510512 /* Build configuration list for PBXNativeTarget "ArrayDataSourceExample" */ = {
			isa = XCConfigurationList;
			buildConfigurations = (
				D9CEC93F1800CA1000510512 /* Debug */,
				D9CEC9401800CA1000510512 /* Release */,
			);
			defaultConfigurationIsVisible = 0;
			defaultConfigurationName = Release;
		};
		D9CEC9411800CA1000510512 /* Build configuration list for PBXNativeTarget "ArrayDataSourceExampleTests" */ = {
			isa = XCConfigurationList;
			buildConfigurations = (
				D9CEC9421800CA1000510512 /* Debug */,
				D9CEC9431800CA1000510512 /* Release */,
			);
			defaultConfigurationIsVisible = 0;
			defaultConfigurationName = Release;
		};
/* End XCConfigurationList section */
	};
	rootObject = D9CEC9041800CA1000510512 /* Project object */;
}
